
Microsoft Visual Studio Solution File, Format Version 12.00
# Visual Studio Version 16
VisualStudioVersion = 16.0.31025.194
MinimumVisualStudioVersion = 10.0.40219.1
Project("{2150E333-8FDC-42A3-9474-1A3956D46DE8}") = "src", "src", "{AB7E14D7-0A95-4FBB-A31D-0401320A3F69}"
EndProject
Project("{2150E333-8FDC-42A3-9474-1A3956D46DE8}") = "Core", "Core", "{8BE5CFD1-93B1-4FDC-9F50-4D2B66950AA3}"
EndProject
Project("{9A19103F-16F7-4668-BE54-9A1E7A4F7556}") = "WebProjectsWithOnionArchitecture.Domain", "src\Core\WebProjectsWithOnionArchitecture.Domain\WebProjectsWithOnionArchitecture.Domain.csproj", "{6B7A2430-5AC9-47CA-A8C7-2ABDE682781B}"
EndProject
Project("{FAE04EC0-301F-11D3-BF4B-00C04F79EFBC}") = "WebProjectsWithOnionArchitecture.Application", "src\Core\WebProjectsWithOnionArchitecture.Application\WebProjectsWithOnionArchitecture.Application.csproj", "{8C9294DA-DCD0-48AC-A90C-7E7E2FF03A4D}"
EndProject
Project("{2150E333-8FDC-42A3-9474-1A3956D46DE8}") = "Infrastructure", "Infrastructure", "{38D2BB4B-2432-4F37-8982-722494D58258}"
EndProject
Project("{FAE04EC0-301F-11D3-BF4B-00C04F79EFBC}") = "WebProjectsWithOnionArchitecture.Infrastruct", "src\Infrastructure\WebProjectsWithOnionArchitecture.Infrastruct\WebProjectsWithOnionArchitecture.Infrastruct.csproj", "{CF5F242E-AE30-4FD9-98C9-AF39453789C9}"
EndProject
Project("{FAE04EC0-301F-11D3-BF4B-00C04F79EFBC}") = "WebProjectsWithOnionArchitecture.Persist", "src\Infrastructure\WebProjectsWithOnionArchitecture.Persist\WebProjectsWithOnionArchitecture.Persist.csproj", "{17D7D63F-2725-43E6-8783-F0A241E4C4F2}"
EndProject
Global
	GlobalSection(SolutionConfigurationPlatforms) = preSolution
		Debug|Any CPU = Debug|Any CPU
		Release|Any CPU = Release|Any CPU
	EndGlobalSection
	GlobalSection(ProjectConfigurationPlatforms) = postSolution
		{6B7A2430-5AC9-47CA-A8C7-2ABDE682781B}.Debug|Any CPU.ActiveCfg = Debug|Any CPU
		{6B7A2430-5AC9-47CA-A8C7-2ABDE682781B}.Debug|Any CPU.Build.0 = Debug|Any CPU
		{6B7A2430-5AC9-47CA-A8C7-2ABDE682781B}.Release|Any CPU.ActiveCfg = Release|Any CPU
		{6B7A2430-5AC9-47CA-A8C7-2ABDE682781B}.Release|Any CPU.Build.0 = Release|Any CPU
		{8C9294DA-DCD0-48AC-A90C-7E7E2FF03A4D}.Debug|Any CPU.ActiveCfg = Debug|Any CPU
		{8C9294DA-DCD0-48AC-A90C-7E7E2FF03A4D}.Debug|Any CPU.Build.0 = Debug|Any CPU
		{8C9294DA-DCD0-48AC-A90C-7E7E2FF03A4D}.Release|Any CPU.ActiveCfg = Release|Any CPU
		{8C9294DA-DCD0-48AC-A90C-7E7E2FF03A4D}.Release|Any CPU.Build.0 = Release|Any CPU
		{CF5F242E-AE30-4FD9-98C9-AF39453789C9}.Debug|Any CPU.ActiveCfg = Debug|Any CPU
		{CF5F242E-AE30-4FD9-98C9-AF39453789C9}.Debug|Any CPU.Build.0 = Debug|Any CPU
		{CF5F242E-AE30-4FD9-98C9-AF39453789C9}.Release|Any CPU.ActiveCfg = Release|Any CPU
		{CF5F242E-AE30-4FD9-98C9-AF39453789C9}.Release|Any CPU.Build.0 = Release|Any CPU
		{17D7D63F-2725-43E6-8783-F0A241E4C4F2}.Debug|Any CPU.ActiveCfg = Debug|Any CPU
		{17D7D63F-2725-43E6-8783-F0A241E4C4F2}.Debug|Any CPU.Build.0 = Debug|Any CPU
		{17D7D63F-2725-43E6-8783-F0A241E4C4F2}.Release|Any CPU.ActiveCfg = Release|Any CPU
		{17D7D63F-2725-43E6-8783-F0A241E4C4F2}.Release|Any CPU.Build.0 = Release|Any CPU
	EndGlobalSection
	GlobalSection(SolutionProperties) = preSolution
		HideSolutionNode = FALSE
	EndGlobalSection
	GlobalSection(NestedProjects) = preSolution
		{8BE5CFD1-93B1-4FDC-9F50-4D2B66950AA3} = {AB7E14D7-0A95-4FBB-A31D-0401320A3F69}
		{6B7A2430-5AC9-47CA-A8C7-2ABDE682781B} = {8BE5CFD1-93B1-4FDC-9F50-4D2B66950AA3}
		{8C9294DA-DCD0-48AC-A90C-7E7E2FF03A4D} = {8BE5CFD1-93B1-4FDC-9F50-4D2B66950AA3}
		{38D2BB4B-2432-4F37-8982-722494D58258} = {AB7E14D7-0A95-4FBB-A31D-0401320A3F69}
		{CF5F242E-AE30-4FD9-98C9-AF39453789C9} = {38D2BB4B-2432-4F37-8982-722494D58258}
		{17D7D63F-2725-43E6-8783-F0A241E4C4F2} = {38D2BB4B-2432-4F37-8982-722494D58258}
	EndGlobalSection
	GlobalSection(ExtensibilityGlobals) = postSolution
		SolutionGuid = {57DA902C-FC59-49DD-85CB-E0904A233BC3}
	EndGlobalSection
EndGlobal
